
Microsoft Visual Studio Solution File, Format Version 12.00
# Visual Studio Version 16
VisualStudioVersion = 16.0.29709.97
MinimumVisualStudioVersion = 10.0.40219.1
Project("{FAE04EC0-301F-11D3-BF4B-00C04F79EFBC}") = "AutoValidateAntiForgeryToken-sample", "AutoValidateAntiForgeryToken-sample\AutoValidateAntiForgeryToken-sample.csproj", "{7549DEC9-8535-4E96-98EF-1A7EC2069912}"
EndProject
Global
	GlobalSection(SolutionConfigurationPlatforms) = preSolution
		Debug|Any CPU = Debug|Any CPU
		Release|Any CPU = Release|Any CPU
	EndGlobalSection
	GlobalSection(ProjectConfigurationPlatforms) = postSolution
		{7549DEC9-8535-4E96-98EF-1A7EC2069912}.Debug|Any CPU.ActiveCfg = Debug|Any CPU
		{7549DEC9-8535-4E96-98EF-1A7EC2069912}.Debug|Any CPU.Build.0 = Debug|Any CPU
		{7549DEC9-8535-4E96-98EF-1A7EC2069912}.Release|Any CPU.ActiveCfg = Release|Any CPU
		{7549DEC9-8535-4E96-98EF-1A7EC2069912}.Release|Any CPU.Build.0 = Release|Any CPU
	EndGlobalSection
	GlobalSection(SolutionProperties) = preSolution
		HideSolutionNode = FALSE
	EndGlobalSection
	GlobalSection(ExtensibilityGlobals) = postSolution
		SolutionGuid = {E7E4F34E-65EB-4DF8-A6D0-87F49D1F8601}
	EndGlobalSection
EndGlobal
